{
  "nodes": {
    "flake-utils": {
      "locked": {
        "lastModified": 1659877975,
        "narHash": "sha256-zllb8aq3YO3h8B/U0/J1WBgAL8EX5yWf5pMj3G0NAmc=",
        "owner": "numtide",
        "repo": "flake-utils",
        "rev": "c0e246b9b83f637f4681389ecabcb2681b4f3af0",
        "type": "github"
      },
      "original": {
        "owner": "numtide",
        "repo": "flake-utils",
        "type": "github"
      }
    },
    "nix-filter": {
      "locked": {
        "lastModified": 1661201956,
        "narHash": "sha256-RizGJH/buaw9A2+fiBf9WnXYw4LZABB5kMAZIEE5/T8=",
        "owner": "numtide",
        "repo": "nix-filter",
        "rev": "3b821578685d661a10b563cba30b1861eec05748",
        "type": "github"
      },
      "original": {
        "owner": "numtide",
        "repo": "nix-filter",
        "type": "github"
      }
    },
    "nixpkgs": {
      "inputs": {
        "flake-utils": [
          "flake-utils"
        ],
        "nixpkgs": "nixpkgs_2"
      },
      "locked": {
        "lastModified": 1661988202,
        "narHash": "sha256-aZb2ect9cKVrwafVo0AHNX0VECBofwpj1rW/sKK8pKE=",
        "owner": "nix-ocaml",
        "repo": "nix-overlays",
        "rev": "0081a01960591e7415986eca055887ca76689799",
        "type": "github"
      },
      "original": {
        "owner": "nix-ocaml",
        "repo": "nix-overlays",
        "rev": "0081a01960591e7415986eca055887ca76689799",
        "type": "github"
      }
    },
    "nixpkgs_2": {
      "locked": {
        "lastModified": 1661893200,
        "narHash": "sha256-dyGJsDl+jkyRjE3PsdvuCdYXQQgAzPtKR5QBt8YXboo=",
        "owner": "NixOS",
        "repo": "nixpkgs",
        "rev": "1f455e579bd148796f97e6522602143050437c52",
        "type": "github"
      },
      "original": {
        "owner": "NixOS",
        "repo": "nixpkgs",
        "rev": "1f455e579bd148796f97e6522602143050437c52",
        "type": "github"
      }
    },
    "root": {
      "inputs": {
        "flake-utils": "flake-utils",
        "nix-filter": "nix-filter",
        "nixpkgs": "nixpkgs"
      }
    }
  },
  "root": "root",
  "version": 7
}
