{
  "nodes": {
    "flake-utils": {
      "locked": {
        "lastModified": 1644229661,
        "narHash": "sha256-1YdnJAsNy69bpcjuoKdOYQX0YxZBiCYZo4Twxerqv7k=",
        "owner": "numtide",
        "repo": "flake-utils",
        "rev": "3cecb5b042f7f209c56ffd8371b2711a290ec797",
        "type": "github"
      },
      "original": {
        "owner": "numtide",
        "repo": "flake-utils",
        "type": "github"
      }
    },
    "flake-utils_2": {
      "locked": {
        "lastModified": 1637014545,
        "narHash": "sha256-26IZAc5yzlD9FlDT54io1oqG/bBoyka+FJk5guaX4x4=",
        "owner": "numtide",
        "repo": "flake-utils",
        "rev": "bba5dcc8e0b20ab664967ad83d24d64cb64ec4f4",
        "type": "github"
      },
      "original": {
        "owner": "numtide",
        "repo": "flake-utils",
        "type": "github"
      }
    },
    "nixpkgs": {
      "locked": {
        "lastModified": 1647461868,
        "narHash": "sha256-We6vd4f0brlA+rfHf60e+X1Ml7nzohC/IjjnLXiC+IU=",
        "owner": "nixos",
        "repo": "nixpkgs",
        "rev": "99f75e17d3bc5e0aaf2b4d8226e8ec2a07d004a3",
        "type": "github"
      },
      "original": {
        "owner": "nixos",
        "repo": "nixpkgs",
        "type": "github"
      }
    },
    "ocaml-overlay": {
      "inputs": {
        "flake-utils": "flake-utils_2"
      },
      "locked": {
        "lastModified": 1647459651,
        "narHash": "sha256-dSYx9ACIwTt17j4HBc/o8LDjibit+o8EbC4KHCExYNM=",
        "owner": "anmonteiro",
        "repo": "nix-overlays",
        "rev": "a907fc1c03f9f247aae015bafff8bc241af26b36",
        "type": "github"
      },
      "original": {
        "owner": "anmonteiro",
        "repo": "nix-overlays",
        "type": "github"
      }
    },
    "root": {
      "inputs": {
        "flake-utils": "flake-utils",
        "nixpkgs": "nixpkgs",
        "ocaml-overlay": "ocaml-overlay"
      }
    }
  },
  "root": "root",
  "version": 7
}
